lockfileVersion: 5.3

specifiers:
  cumlisp: ^1.3.1
  typescript: ^4.5.5

dependencies:
  cumlisp: 1.3.1

devDependencies:
  typescript: 4.5.5

packages:

  /cumlisp/1.3.1:
    resolution: {integrity: sha512-otCUUXQnI2DUsIL7GUKR2N6m0DEZKnj8PojJTZEoYlppWRQ0QYLA1h2rcgCs0iUJjMIaV0ZNuFw8O/CKJSPbKg==}
    dev: false

  /typescript/4.5.5:
    resolution: {integrity: sha512-TCTIul70LyWe6IJWT8QSYeA54WQe8EjQFU4wY52Fasj5UKx88LNYKCgBEHcOMOrFF1rKGbD8v/xcNWVUq9SymA==}
    engines: {node: '>=4.2.0'}
    hasBin: true
    dev: true
