lockfileVersion: 5.3

specifiers:
  cumlisp: ^1.1.0
  typescript: ^4.5.4

dependencies:
  cumlisp: 1.1.0

devDependencies:
  typescript: 4.5.4

packages:

  /cumlisp/1.1.0:
    resolution: {integrity: sha512-liFEOpCnj3ZFuFy5G89STqE4G917A5E0nHxbadOX3/ZBG89jTVcev8lmuqDVdsxyK1b/pqeP+iBnZuU+0wF7kg==}
    dev: false

  /typescript/4.5.4:
    resolution: {integrity: sha512-VgYs2A2QIRuGphtzFV7aQJduJ2gyfTljngLzjpfW9FoYZF6xuw1W0vW9ghCKLfcWrCFxK81CSGRAvS1pn4fIUg==}
    engines: {node: '>=4.2.0'}
    hasBin: true
    dev: true
